
Microsoft Visual Studio Solution File, Format Version 12.00
# Visual Studio 2013
VisualStudioVersion = 12.0.31101.0
MinimumVisualStudioVersion = 10.0.40219.1
Project("{FAE04EC0-301F-11D3-BF4B-00C04F79EFBC}") = "BUILDLet.JbigViewer", "BUILDLet.JbigViewer\BUILDLet.JbigViewer.csproj", "{D43D1DFD-255E-4B3F-B3E9-1536F2F217B6}"
EndProject
Project("{2150E333-8FDC-42A3-9474-1A3956D46DE8}") = "Version", "Version", "{765F273B-90FF-45CA-B625-3B33819994E0}"
	ProjectSection(SolutionItems) = preProject
		Version\AssemblyManufacturerInfo.cs = Version\AssemblyManufacturerInfo.cs
		Version\AssemblyVersionInfo.cs = Version\AssemblyVersionInfo.cs
		Version\InstallerInfo.wxi = Version\InstallerInfo.wxi
	EndProjectSection
EndProject
Project("{FAE04EC0-301F-11D3-BF4B-00C04F79EFBC}") = "BUILDLet.JbigToBitmap", "BUILDLet.JbigToBitmap\BUILDLet.JbigToBitmap.csproj", "{B2F85265-DF46-4D29-A178-6B9638BA610D}"
EndProject
Project("{FAE04EC0-301F-11D3-BF4B-00C04F79EFBC}") = "BUILDLet.JbigToBitmapTest", "BUILDLet.JbigToBitmapTest\BUILDLet.JbigToBitmapTest.csproj", "{C8585D78-3DB5-4FDD-81AC-EFCDC28466DB}"
EndProject
Project("{2150E333-8FDC-42A3-9474-1A3956D46DE8}") = "Common", "Common", "{ACC81CF6-BCD6-45E5-8848-50F166563C86}"
	ProjectSection(SolutionItems) = preProject
		..\Common\InstallerGUID.wxi = ..\Common\InstallerGUID.wxi
		..\Common\Manufacturer.wxi = ..\Common\Manufacturer.wxi
		..\Common\ResourceFiles.wxi = ..\Common\ResourceFiles.wxi
	EndProjectSection
EndProject
Project("{2150E333-8FDC-42A3-9474-1A3956D46DE8}") = "Resources", "Resources", "{DF27D4C4-825F-4D35-A957-34CC11C82FB3}"
EndProject
Project("{2150E333-8FDC-42A3-9474-1A3956D46DE8}") = "TestData", "TestData", "{C4F14C00-A275-45B1-B1ED-338DE6231971}"
EndProject
Project("{930C7802-8A8C-48F9-8165-68863BCCD9DD}") = "BUILDLet.JbigViewerSetup", "BUILDLet.JbigViewerSetup\BUILDLet.JbigViewerSetup.wixproj", "{58085152-077D-4FB8-A41F-B7C54113EA99}"
	ProjectSection(ProjectDependencies) = postProject
		{D43D1DFD-255E-4B3F-B3E9-1536F2F217B6} = {D43D1DFD-255E-4B3F-B3E9-1536F2F217B6}
	EndProjectSection
EndProject
Project("{930C7802-8A8C-48F9-8165-68863BCCD9DD}") = "BUILDLet.JibgViewerSetupBootstrapper", "BUILDLet.JbigViewerSetupBootstrapper\BUILDLet.JibgViewerSetupBootstrapper.wixproj", "{EF200FC5-E1D5-43F0-8D7C-1BD8207A8196}"
	ProjectSection(ProjectDependencies) = postProject
		{58085152-077D-4FB8-A41F-B7C54113EA99} = {58085152-077D-4FB8-A41F-B7C54113EA99}
	EndProjectSection
EndProject
Global
	GlobalSection(SolutionConfigurationPlatforms) = preSolution
		Debug|Any CPU = Debug|Any CPU
		Debug|Mixed Platforms = Debug|Mixed Platforms
		Debug|Win32 = Debug|Win32
		Debug|x86 = Debug|x86
		Release|Any CPU = Release|Any CPU
		Release|Mixed Platforms = Release|Mixed Platforms
		Release|Win32 = Release|Win32
		Release|x86 = Release|x86
	EndGlobalSection
	GlobalSection(ProjectConfigurationPlatforms) = postSolution
		{D43D1DFD-255E-4B3F-B3E9-1536F2F217B6}.Debug|Any CPU.ActiveCfg = Debug|Any CPU
		{D43D1DFD-255E-4B3F-B3E9-1536F2F217B6}.Debug|Any CPU.Build.0 = Debug|Any CPU
		{D43D1DFD-255E-4B3F-B3E9-1536F2F217B6}.Debug|Mixed Platforms.ActiveCfg = Debug|Any CPU
		{D43D1DFD-255E-4B3F-B3E9-1536F2F217B6}.Debug|Mixed Platforms.Build.0 = Debug|Any CPU
		{D43D1DFD-255E-4B3F-B3E9-1536F2F217B6}.Debug|Win32.ActiveCfg = Debug|Any CPU
		{D43D1DFD-255E-4B3F-B3E9-1536F2F217B6}.Debug|x86.ActiveCfg = Debug|Any CPU
		{D43D1DFD-255E-4B3F-B3E9-1536F2F217B6}.Release|Any CPU.ActiveCfg = Release|Any CPU
		{D43D1DFD-255E-4B3F-B3E9-1536F2F217B6}.Release|Any CPU.Build.0 = Release|Any CPU
		{D43D1DFD-255E-4B3F-B3E9-1536F2F217B6}.Release|Mixed Platforms.ActiveCfg = Release|Any CPU
		{D43D1DFD-255E-4B3F-B3E9-1536F2F217B6}.Release|Mixed Platforms.Build.0 = Release|Any CPU
		{D43D1DFD-255E-4B3F-B3E9-1536F2F217B6}.Release|Win32.ActiveCfg = Release|Any CPU
		{D43D1DFD-255E-4B3F-B3E9-1536F2F217B6}.Release|x86.ActiveCfg = Release|Any CPU
		{B2F85265-DF46-4D29-A178-6B9638BA610D}.Debug|Any CPU.ActiveCfg = Debug|Any CPU
		{B2F85265-DF46-4D29-A178-6B9638BA610D}.Debug|Any CPU.Build.0 = Debug|Any CPU
		{B2F85265-DF46-4D29-A178-6B9638BA610D}.Debug|Mixed Platforms.ActiveCfg = Debug|Any CPU
		{B2F85265-DF46-4D29-A178-6B9638BA610D}.Debug|Mixed Platforms.Build.0 = Debug|Any CPU
		{B2F85265-DF46-4D29-A178-6B9638BA610D}.Debug|Win32.ActiveCfg = Debug|Any CPU
		{B2F85265-DF46-4D29-A178-6B9638BA610D}.Debug|x86.ActiveCfg = Debug|Any CPU
		{B2F85265-DF46-4D29-A178-6B9638BA610D}.Release|Any CPU.ActiveCfg = Release|Any CPU
		{B2F85265-DF46-4D29-A178-6B9638BA610D}.Release|Any CPU.Build.0 = Release|Any CPU
		{B2F85265-DF46-4D29-A178-6B9638BA610D}.Release|Mixed Platforms.ActiveCfg = Release|Any CPU
		{B2F85265-DF46-4D29-A178-6B9638BA610D}.Release|Mixed Platforms.Build.0 = Release|Any CPU
		{B2F85265-DF46-4D29-A178-6B9638BA610D}.Release|Win32.ActiveCfg = Release|Any CPU
		{B2F85265-DF46-4D29-A178-6B9638BA610D}.Release|x86.ActiveCfg = Release|Any CPU
		{C8585D78-3DB5-4FDD-81AC-EFCDC28466DB}.Debug|Any CPU.ActiveCfg = Debug|Any CPU
		{C8585D78-3DB5-4FDD-81AC-EFCDC28466DB}.Debug|Any CPU.Build.0 = Debug|Any CPU
		{C8585D78-3DB5-4FDD-81AC-EFCDC28466DB}.Debug|Mixed Platforms.ActiveCfg = Debug|Any CPU
		{C8585D78-3DB5-4FDD-81AC-EFCDC28466DB}.Debug|Mixed Platforms.Build.0 = Debug|Any CPU
		{C8585D78-3DB5-4FDD-81AC-EFCDC28466DB}.Debug|Win32.ActiveCfg = Debug|Any CPU
		{C8585D78-3DB5-4FDD-81AC-EFCDC28466DB}.Debug|x86.ActiveCfg = Debug|Any CPU
		{C8585D78-3DB5-4FDD-81AC-EFCDC28466DB}.Release|Any CPU.ActiveCfg = Release|Any CPU
		{C8585D78-3DB5-4FDD-81AC-EFCDC28466DB}.Release|Any CPU.Build.0 = Release|Any CPU
		{C8585D78-3DB5-4FDD-81AC-EFCDC28466DB}.Release|Mixed Platforms.ActiveCfg = Release|Any CPU
		{C8585D78-3DB5-4FDD-81AC-EFCDC28466DB}.Release|Mixed Platforms.Build.0 = Release|Any CPU
		{C8585D78-3DB5-4FDD-81AC-EFCDC28466DB}.Release|Win32.ActiveCfg = Release|Any CPU
		{C8585D78-3DB5-4FDD-81AC-EFCDC28466DB}.Release|x86.ActiveCfg = Release|Any CPU
		{58085152-077D-4FB8-A41F-B7C54113EA99}.Debug|Any CPU.ActiveCfg = Debug|x86
		{58085152-077D-4FB8-A41F-B7C54113EA99}.Debug|Mixed Platforms.ActiveCfg = Debug|x86
		{58085152-077D-4FB8-A41F-B7C54113EA99}.Debug|Mixed Platforms.Build.0 = Debug|x86
		{58085152-077D-4FB8-A41F-B7C54113EA99}.Debug|Win32.ActiveCfg = Debug|x86
		{58085152-077D-4FB8-A41F-B7C54113EA99}.Debug|Win32.Build.0 = Debug|x86
		{58085152-077D-4FB8-A41F-B7C54113EA99}.Debug|x86.ActiveCfg = Debug|x86
		{58085152-077D-4FB8-A41F-B7C54113EA99}.Debug|x86.Build.0 = Debug|x86
		{58085152-077D-4FB8-A41F-B7C54113EA99}.Release|Any CPU.ActiveCfg = Release|x86
		{58085152-077D-4FB8-A41F-B7C54113EA99}.Release|Mixed Platforms.ActiveCfg = Release|x86
		{58085152-077D-4FB8-A41F-B7C54113EA99}.Release|Mixed Platforms.Build.0 = Release|x86
		{58085152-077D-4FB8-A41F-B7C54113EA99}.Release|Win32.ActiveCfg = Release|x86
		{58085152-077D-4FB8-A41F-B7C54113EA99}.Release|Win32.Build.0 = Release|x86
		{58085152-077D-4FB8-A41F-B7C54113EA99}.Release|x86.ActiveCfg = Release|x86
		{58085152-077D-4FB8-A41F-B7C54113EA99}.Release|x86.Build.0 = Release|x86
		{EF200FC5-E1D5-43F0-8D7C-1BD8207A8196}.Debug|Any CPU.ActiveCfg = Debug|x86
		{EF200FC5-E1D5-43F0-8D7C-1BD8207A8196}.Debug|Mixed Platforms.ActiveCfg = Debug|x86
		{EF200FC5-E1D5-43F0-8D7C-1BD8207A8196}.Debug|Mixed Platforms.Build.0 = Debug|x86
		{EF200FC5-E1D5-43F0-8D7C-1BD8207A8196}.Debug|Win32.ActiveCfg = Debug|x86
		{EF200FC5-E1D5-43F0-8D7C-1BD8207A8196}.Debug|Win32.Build.0 = Debug|x86
		{EF200FC5-E1D5-43F0-8D7C-1BD8207A8196}.Debug|x86.ActiveCfg = Debug|x86
		{EF200FC5-E1D5-43F0-8D7C-1BD8207A8196}.Debug|x86.Build.0 = Debug|x86
		{EF200FC5-E1D5-43F0-8D7C-1BD8207A8196}.Release|Any CPU.ActiveCfg = Release|x86
		{EF200FC5-E1D5-43F0-8D7C-1BD8207A8196}.Release|Mixed Platforms.ActiveCfg = Release|x86
		{EF200FC5-E1D5-43F0-8D7C-1BD8207A8196}.Release|Mixed Platforms.Build.0 = Release|x86
		{EF200FC5-E1D5-43F0-8D7C-1BD8207A8196}.Release|Win32.ActiveCfg = Release|x86
		{EF200FC5-E1D5-43F0-8D7C-1BD8207A8196}.Release|Win32.Build.0 = Release|x86
		{EF200FC5-E1D5-43F0-8D7C-1BD8207A8196}.Release|x86.ActiveCfg = Release|x86
		{EF200FC5-E1D5-43F0-8D7C-1BD8207A8196}.Release|x86.Build.0 = Release|x86
	EndGlobalSection
	GlobalSection(SolutionProperties) = preSolution
		HideSolutionNode = FALSE
	EndGlobalSection
	GlobalSection(NestedProjects) = preSolution
		{DF27D4C4-825F-4D35-A957-34CC11C82FB3} = {ACC81CF6-BCD6-45E5-8848-50F166563C86}
		{C4F14C00-A275-45B1-B1ED-338DE6231971} = {ACC81CF6-BCD6-45E5-8848-50F166563C86}
	EndGlobalSection
EndGlobal
